// !$*UTF8*$!
{
	archiveVersion = 1;
	classes = {
	};
	objectVersion = 56;
	objects = {

/* Begin PBXBuildFile section */
		D01DB98A2C0086A30082F103 /* PlacemarkCard.swift in Sources */ = {isa = PBXBuildFile; fileRef = D01DB9892C0086A30082F103 /* PlacemarkCard.swift */; };
		D01DB98D2C00896F0082F103 /* DetailCardView.swift in Sources */ = {isa = PBXBuildFile; fileRef = D01DB98C2C00896F0082F103 /* DetailCardView.swift */; };
		D01DB9902C0092F10082F103 /* RecommendationsContentView.swift in Sources */ = {isa = PBXBuildFile; fileRef = D01DB98F2C0092F10082F103 /* RecommendationsContentView.swift */; };
		D01DB9922C00944A0082F103 /* RecommendationCard.swift in Sources */ = {isa = PBXBuildFile; fileRef = D01DB9912C00944A0082F103 /* RecommendationCard.swift */; };
		D02A23112BFB4D1500B49695 /* UnsplashImageService.swift in Sources */ = {isa = PBXBuildFile; fileRef = D02A23102BFB4D1500B49695 /* UnsplashImageService.swift */; };
		D0570BB22BFC2DAA00444732 /* SiderbarMapsView.swift in Sources */ = {isa = PBXBuildFile; fileRef = D0570BB12BFC2DAA00444732 /* SiderbarMapsView.swift */; };
		D0570BB42BFD7DA200444732 /* StarRatingView.swift in Sources */ = {isa = PBXBuildFile; fileRef = D0570BB32BFD7DA200444732 /* StarRatingView.swift */; };
		D0570BB62BFD964400444732 /* tourismPackage.json in Resources */ = {isa = PBXBuildFile; fileRef = D0570BB52BFD964400444732 /* tourismPackage.json */; };
		D0570BB82BFDB92C00444732 /* TourismPackage.swift in Sources */ = {isa = PBXBuildFile; fileRef = D0570BB72BFDB92C00444732 /* TourismPackage.swift */; };
		D08F67B52BF6DE78003F0C3F /* placemarkData.json in Resources */ = {isa = PBXBuildFile; fileRef = D08F67B42BF6DE78003F0C3F /* placemarkData.json */; };
		D08F67BA2BF6F4C9003F0C3F /* PlacemarkViewModel.swift in Sources */ = {isa = PBXBuildFile; fileRef = D08F67B92BF6F4C9003F0C3F /* PlacemarkViewModel.swift */; };
		D08F67C42BF716BA003F0C3F /* ModelDataViewModel.swift in Sources */ = {isa = PBXBuildFile; fileRef = D08F67C32BF716BA003F0C3F /* ModelDataViewModel.swift */; };
		D08F67C62BF74059003F0C3F /* UserAnnotationCircle.swift in Sources */ = {isa = PBXBuildFile; fileRef = D08F67C52BF74059003F0C3F /* UserAnnotationCircle.swift */; };
		D08F67CC2BF76EAD003F0C3F /* MapDetails.swift in Sources */ = {isa = PBXBuildFile; fileRef = D08F67CB2BF76EAD003F0C3F /* MapDetails.swift */; };
		D08F67CE2BF8DD61003F0C3F /* Maps.swift in Sources */ = {isa = PBXBuildFile; fileRef = D08F67CD2BF8DD61003F0C3F /* Maps.swift */; };
		D08F67D12BF90D61003F0C3F /* LocationService.swift in Sources */ = {isa = PBXBuildFile; fileRef = D08F67D02BF90D61003F0C3F /* LocationService.swift */; };
		D08F67D32BF9E861003F0C3F /* ContentNavigation.swift in Sources */ = {isa = PBXBuildFile; fileRef = D08F67D22BF9E861003F0C3F /* ContentNavigation.swift */; };
		D08F67D52BFA2AFD003F0C3F /* CustomAnnotationView.swift in Sources */ = {isa = PBXBuildFile; fileRef = D08F67D42BFA2AFD003F0C3F /* CustomAnnotationView.swift */; };
		D098A8112C041853009DE010 /* LottieViewComponent.swift in Sources */ = {isa = PBXBuildFile; fileRef = D098A8102C041853009DE010 /* LottieViewComponent.swift */; };
		D098A8142C041943009DE010 /* Lottie in Frameworks */ = {isa = PBXBuildFile; productRef = D098A8132C041943009DE010 /* Lottie */; };
		D098A8222C041DE5009DE010 /* loading3.json in Resources */ = {isa = PBXBuildFile; fileRef = D098A8212C041DE5009DE010 /* loading3.json */; };
		D0A23F4C2BF44FBB0058FC31 /* TravelAppApp.swift in Sources */ = {isa = PBXBuildFile; fileRef = D0A23F4B2BF44FBB0058FC31 /* TravelAppApp.swift */; };
		D0A23F4E2BF44FBB0058FC31 /* ContentView.swift in Sources */ = {isa = PBXBuildFile; fileRef = D0A23F4D2BF44FBB0058FC31 /* ContentView.swift */; };
		D0A23F502BF44FBC0058FC31 /* Assets.xcassets in Resources */ = {isa = PBXBuildFile; fileRef = D0A23F4F2BF44FBC0058FC31 /* Assets.xcassets */; };
		D0A23F532BF44FBC0058FC31 /* Preview Assets.xcassets in Resources */ = {isa = PBXBuildFile; fileRef = D0A23F522BF44FBC0058FC31 /* Preview Assets.xcassets */; };
		D0A23F602BF641410058FC31 /* Placemark.swift in Sources */ = {isa = PBXBuildFile; fileRef = D0A23F5F2BF641410058FC31 /* Placemark.swift */; };
		D0A5E6932C01E0270091505B /* AuthenticationView.swift in Sources */ = {isa = PBXBuildFile; fileRef = D0A5E6922C01E0270091505B /* AuthenticationView.swift */; };
		D0A5E6962C01E1AA0091505B /* GoogleService-Info.plist in Resources */ = {isa = PBXBuildFile; fileRef = D0A5E6952C01E1AA0091505B /* GoogleService-Info.plist */; };
		D0A5E6992C01E2130091505B /* FirebaseAnalytics in Frameworks */ = {isa = PBXBuildFile; productRef = D0A5E6982C01E2130091505B /* FirebaseAnalytics */; };
		D0A5E69B2C01E2130091505B /* FirebaseAuth in Frameworks */ = {isa = PBXBuildFile; productRef = D0A5E69A2C01E2130091505B /* FirebaseAuth */; };
		D0A5E69D2C01E33B0091505B /* AuthenticationViewModel.swift in Sources */ = {isa = PBXBuildFile; fileRef = D0A5E69C2C01E33B0091505B /* AuthenticationViewModel.swift */; };
		D0A5E69F2C01EFEF0091505B /* CloudkitManager.swift in Sources */ = {isa = PBXBuildFile; fileRef = D0A5E69E2C01EFEF0091505B /* CloudkitManager.swift */; };
/* End PBXBuildFile section */

/* Begin PBXFileReference section */
		D01DB9892C0086A30082F103 /* PlacemarkCard.swift */ = {isa = PBXFileReference; lastKnownFileType = sourcecode.swift; path = PlacemarkCard.swift; sourceTree = "<group>"; };
		D01DB98C2C00896F0082F103 /* DetailCardView.swift */ = {isa = PBXFileReference; lastKnownFileType = sourcecode.swift; path = DetailCardView.swift; sourceTree = "<group>"; };
		D01DB98F2C0092F10082F103 /* RecommendationsContentView.swift */ = {isa = PBXFileReference; lastKnownFileType = sourcecode.swift; path = RecommendationsContentView.swift; sourceTree = "<group>"; };
		D01DB9912C00944A0082F103 /* RecommendationCard.swift */ = {isa = PBXFileReference; lastKnownFileType = sourcecode.swift; path = RecommendationCard.swift; sourceTree = "<group>"; };
		D02A23102BFB4D1500B49695 /* UnsplashImageService.swift */ = {isa = PBXFileReference; lastKnownFileType = sourcecode.swift; path = UnsplashImageService.swift; sourceTree = "<group>"; };
		D0570BB12BFC2DAA00444732 /* SiderbarMapsView.swift */ = {isa = PBXFileReference; lastKnownFileType = sourcecode.swift; path = SiderbarMapsView.swift; sourceTree = "<group>"; };
		D0570BB32BFD7DA200444732 /* StarRatingView.swift */ = {isa = PBXFileReference; lastKnownFileType = sourcecode.swift; path = StarRatingView.swift; sourceTree = "<group>"; };
		D0570BB52BFD964400444732 /* tourismPackage.json */ = {isa = PBXFileReference; fileEncoding = 4; lastKnownFileType = text.json; path = tourismPackage.json; sourceTree = "<group>"; };
		D0570BB72BFDB92C00444732 /* TourismPackage.swift */ = {isa = PBXFileReference; lastKnownFileType = sourcecode.swift; path = TourismPackage.swift; sourceTree = "<group>"; };
		D08F67B42BF6DE78003F0C3F /* placemarkData.json */ = {isa = PBXFileReference; fileEncoding = 4; lastKnownFileType = text.json; path = placemarkData.json; sourceTree = "<group>"; };
		D08F67B92BF6F4C9003F0C3F /* PlacemarkViewModel.swift */ = {isa = PBXFileReference; lastKnownFileType = sourcecode.swift; path = PlacemarkViewModel.swift; sourceTree = "<group>"; };
		D08F67C32BF716BA003F0C3F /* ModelDataViewModel.swift */ = {isa = PBXFileReference; lastKnownFileType = sourcecode.swift; path = ModelDataViewModel.swift; sourceTree = "<group>"; };
		D08F67C52BF74059003F0C3F /* UserAnnotationCircle.swift */ = {isa = PBXFileReference; lastKnownFileType = sourcecode.swift; path = UserAnnotationCircle.swift; sourceTree = "<group>"; };
		D08F67CB2BF76EAD003F0C3F /* MapDetails.swift */ = {isa = PBXFileReference; lastKnownFileType = sourcecode.swift; path = MapDetails.swift; sourceTree = "<group>"; };
		D08F67CD2BF8DD61003F0C3F /* Maps.swift */ = {isa = PBXFileReference; lastKnownFileType = sourcecode.swift; path = Maps.swift; sourceTree = "<group>"; };
		D08F67D02BF90D61003F0C3F /* LocationService.swift */ = {isa = PBXFileReference; lastKnownFileType = sourcecode.swift; path = LocationService.swift; sourceTree = "<group>"; };
		D08F67D22BF9E861003F0C3F /* ContentNavigation.swift */ = {isa = PBXFileReference; lastKnownFileType = sourcecode.swift; path = ContentNavigation.swift; sourceTree = "<group>"; };
		D08F67D42BFA2AFD003F0C3F /* CustomAnnotationView.swift */ = {isa = PBXFileReference; lastKnownFileType = sourcecode.swift; path = CustomAnnotationView.swift; sourceTree = "<group>"; };
		D098A8102C041853009DE010 /* LottieViewComponent.swift */ = {isa = PBXFileReference; lastKnownFileType = sourcecode.swift; path = LottieViewComponent.swift; sourceTree = "<group>"; };
		D098A8212C041DE5009DE010 /* loading3.json */ = {isa = PBXFileReference; fileEncoding = 4; lastKnownFileType = text.json; path = loading3.json; sourceTree = "<group>"; };
		D0A23F482BF44FBB0058FC31 /* TravelApp.app */ = {isa = PBXFileReference; explicitFileType = wrapper.application; includeInIndex = 0; path = TravelApp.app; sourceTree = BUILT_PRODUCTS_DIR; };
		D0A23F4B2BF44FBB0058FC31 /* TravelAppApp.swift */ = {isa = PBXFileReference; lastKnownFileType = sourcecode.swift; path = TravelAppApp.swift; sourceTree = "<group>"; };
		D0A23F4D2BF44FBB0058FC31 /* ContentView.swift */ = {isa = PBXFileReference; lastKnownFileType = sourcecode.swift; path = ContentView.swift; sourceTree = "<group>"; };
		D0A23F4F2BF44FBC0058FC31 /* Assets.xcassets */ = {isa = PBXFileReference; lastKnownFileType = folder.assetcatalog; path = Assets.xcassets; sourceTree = "<group>"; };
		D0A23F522BF44FBC0058FC31 /* Preview Assets.xcassets */ = {isa = PBXFileReference; lastKnownFileType = folder.assetcatalog; path = "Preview Assets.xcassets"; sourceTree = "<group>"; };
		D0A23F5F2BF641410058FC31 /* Placemark.swift */ = {isa = PBXFileReference; lastKnownFileType = sourcecode.swift; path = Placemark.swift; sourceTree = "<group>"; };
		D0A5E6922C01E0270091505B /* AuthenticationView.swift */ = {isa = PBXFileReference; lastKnownFileType = sourcecode.swift; path = AuthenticationView.swift; sourceTree = "<group>"; };
		D0A5E6942C01E0BC0091505B /* TravelApp.entitlements */ = {isa = PBXFileReference; lastKnownFileType = text.plist.entitlements; path = TravelApp.entitlements; sourceTree = "<group>"; };
		D0A5E6952C01E1AA0091505B /* GoogleService-Info.plist */ = {isa = PBXFileReference; fileEncoding = 4; lastKnownFileType = text.plist.xml; path = "GoogleService-Info.plist"; sourceTree = "<group>"; };
		D0A5E69C2C01E33B0091505B /* AuthenticationViewModel.swift */ = {isa = PBXFileReference; lastKnownFileType = sourcecode.swift; path = AuthenticationViewModel.swift; sourceTree = "<group>"; };
		D0A5E69E2C01EFEF0091505B /* CloudkitManager.swift */ = {isa = PBXFileReference; lastKnownFileType = sourcecode.swift; path = CloudkitManager.swift; sourceTree = "<group>"; };
		D0A5E6A02C023D700091505B /* Info.plist */ = {isa = PBXFileReference; lastKnownFileType = text.plist; path = Info.plist; sourceTree = "<group>"; };
/* End PBXFileReference section */

/* Begin PBXFrameworksBuildPhase section */
		D0A23F452BF44FBB0058FC31 /* Frameworks */ = {
			isa = PBXFrameworksBuildPhase;
			buildActionMask = 2147483647;
			files = (
				D0A5E6992C01E2130091505B /* FirebaseAnalytics in Frameworks */,
				D0A5E69B2C01E2130091505B /* FirebaseAuth in Frameworks */,
				D098A8142C041943009DE010 /* Lottie in Frameworks */,
			);
			runOnlyForDeploymentPostprocessing = 0;
		};
/* End PBXFrameworksBuildPhase section */

/* Begin PBXGroup section */
		D01DB98B2C00884C0082F103 /* Maps */ = {
			isa = PBXGroup;
			children = (
				D08F67CB2BF76EAD003F0C3F /* MapDetails.swift */,
				D01DB98C2C00896F0082F103 /* DetailCardView.swift */,
				D0570BB32BFD7DA200444732 /* StarRatingView.swift */,
				D08F67C52BF74059003F0C3F /* UserAnnotationCircle.swift */,
				D08F67CD2BF8DD61003F0C3F /* Maps.swift */,
				D0570BB12BFC2DAA00444732 /* SiderbarMapsView.swift */,
				D01DB9892C0086A30082F103 /* PlacemarkCard.swift */,
				D08F67D42BFA2AFD003F0C3F /* CustomAnnotationView.swift */,
			);
			path = Maps;
			sourceTree = "<group>";
		};
		D01DB98E2C0092010082F103 /* Recommendations */ = {
			isa = PBXGroup;
			children = (
				D01DB98F2C0092F10082F103 /* RecommendationsContentView.swift */,
				D01DB9912C00944A0082F103 /* RecommendationCard.swift */,
			);
			path = Recommendations;
			sourceTree = "<group>";
		};
		D08F67B82BF6F4B9003F0C3F /* ViewModel */ = {
			isa = PBXGroup;
			children = (
				D08F67B92BF6F4C9003F0C3F /* PlacemarkViewModel.swift */,
				D0A5E69C2C01E33B0091505B /* AuthenticationViewModel.swift */,
				D08F67C32BF716BA003F0C3F /* ModelDataViewModel.swift */,
			);
			path = ViewModel;
			sourceTree = "<group>";
		};
		D08F67CF2BF90D53003F0C3F /* Utilities */ = {
			isa = PBXGroup;
			children = (
				D08F67D02BF90D61003F0C3F /* LocationService.swift */,
				D0A5E69E2C01EFEF0091505B /* CloudkitManager.swift */,
				D02A23102BFB4D1500B49695 /* UnsplashImageService.swift */,
			);
			path = Utilities;
			sourceTree = "<group>";
		};
		D0A23F3F2BF44FBB0058FC31 = {
			isa = PBXGroup;
			children = (
				D0A23F4A2BF44FBB0058FC31 /* TravelApp */,
				D0A23F492BF44FBB0058FC31 /* Products */,
			);
			sourceTree = "<group>";
		};
		D0A23F492BF44FBB0058FC31 /* Products */ = {
			isa = PBXGroup;
			children = (
				D0A23F482BF44FBB0058FC31 /* TravelApp.app */,
			);
			name = Products;
			sourceTree = "<group>";
		};
		D0A23F4A2BF44FBB0058FC31 /* TravelApp */ = {
			isa = PBXGroup;
			children = (
				D0A5E6A02C023D700091505B /* Info.plist */,
				D0A5E6952C01E1AA0091505B /* GoogleService-Info.plist */,
				D0A5E6942C01E0BC0091505B /* TravelApp.entitlements */,
				D08F67CF2BF90D53003F0C3F /* Utilities */,
				D08F67B82BF6F4B9003F0C3F /* ViewModel */,
				D0A23F632BF645540058FC31 /* Resources */,
				D0A23F5E2BF641290058FC31 /* Model */,
				D0A23F592BF44FE70058FC31 /* View */,
				D0A23F4B2BF44FBB0058FC31 /* TravelAppApp.swift */,
				D0A23F4D2BF44FBB0058FC31 /* ContentView.swift */,
				D0A23F4F2BF44FBC0058FC31 /* Assets.xcassets */,
				D0A23F512BF44FBC0058FC31 /* Preview Content */,
			);
			path = TravelApp;
			sourceTree = "<group>";
		};
		D0A23F512BF44FBC0058FC31 /* Preview Content */ = {
			isa = PBXGroup;
			children = (
				D0A23F522BF44FBC0058FC31 /* Preview Assets.xcassets */,
			);
			path = "Preview Content";
			sourceTree = "<group>";
		};
		D0A23F592BF44FE70058FC31 /* View */ = {
			isa = PBXGroup;
			children = (
				D0A5E6912C01E00F0091505B /* Authentication */,
				D01DB98E2C0092010082F103 /* Recommendations */,
				D01DB98B2C00884C0082F103 /* Maps */,
				D08F67D22BF9E861003F0C3F /* ContentNavigation.swift */,
				D098A8102C041853009DE010 /* LottieViewComponent.swift */,
			);
			path = View;
			sourceTree = "<group>";
		};
		D0A23F5E2BF641290058FC31 /* Model */ = {
			isa = PBXGroup;
			children = (
				D0A23F5F2BF641410058FC31 /* Placemark.swift */,
				D0570BB72BFDB92C00444732 /* TourismPackage.swift */,
			);
			path = Model;
			sourceTree = "<group>";
		};
		D0A23F632BF645540058FC31 /* Resources */ = {
			isa = PBXGroup;
			children = (
				D098A8212C041DE5009DE010 /* loading3.json */,
				D08F67B42BF6DE78003F0C3F /* placemarkData.json */,
				D0570BB52BFD964400444732 /* tourismPackage.json */,
			);
			path = Resources;
			sourceTree = "<group>";
		};
		D0A5E6912C01E00F0091505B /* Authentication */ = {
			isa = PBXGroup;
			children = (
				D0A5E6922C01E0270091505B /* AuthenticationView.swift */,
			);
			path = Authentication;
			sourceTree = "<group>";
		};
/* End PBXGroup section */

/* Begin PBXNativeTarget section */
		D0A23F472BF44FBB0058FC31 /* TravelApp */ = {
			isa = PBXNativeTarget;
			buildConfigurationList = D0A23F562BF44FBC0058FC31 /* Build configuration list for PBXNativeTarget "TravelApp" */;
			buildPhases = (
				D0A23F442BF44FBB0058FC31 /* Sources */,
				D0A23F452BF44FBB0058FC31 /* Frameworks */,
				D0A23F462BF44FBB0058FC31 /* Resources */,
			);
			buildRules = (
			);
			dependencies = (
			);
			name = TravelApp;
			packageProductDependencies = (
				D0A5E6982C01E2130091505B /* FirebaseAnalytics */,
				D0A5E69A2C01E2130091505B /* FirebaseAuth */,
				D098A8132C041943009DE010 /* Lottie */,
			);
			productName = TravelApp;
			productReference = D0A23F482BF44FBB0058FC31 /* TravelApp.app */;
			productType = "com.apple.product-type.application";
		};
/* End PBXNativeTarget section */

/* Begin PBXProject section */
		D0A23F402BF44FBB0058FC31 /* Project object */ = {
			isa = PBXProject;
			attributes = {
				BuildIndependentTargetsInParallel = 1;
				LastSwiftUpdateCheck = 1530;
				LastUpgradeCheck = 1530;
				TargetAttributes = {
					D0A23F472BF44FBB0058FC31 = {
						CreatedOnToolsVersion = 15.3;
					};
				};
			};
			buildConfigurationList = D0A23F432BF44FBB0058FC31 /* Build configuration list for PBXProject "TravelApp" */;
			compatibilityVersion = "Xcode 14.0";
			developmentRegion = en;
			hasScannedForEncodings = 0;
			knownRegions = (
				en,
				Base,
			);
			mainGroup = D0A23F3F2BF44FBB0058FC31;
			packageReferences = (
				D0A5E6972C01E2130091505B /* XCRemoteSwiftPackageReference "firebase-ios-sdk" */,
				D098A8122C041943009DE010 /* XCRemoteSwiftPackageReference "lottie-ios" */,
			);
			productRefGroup = D0A23F492BF44FBB0058FC31 /* Products */;
			projectDirPath = "";
			projectRoot = "";
			targets = (
				D0A23F472BF44FBB0058FC31 /* TravelApp */,
			);
		};
/* End PBXProject section */

/* Begin PBXResourcesBuildPhase section */
		D0A23F462BF44FBB0058FC31 /* Resources */ = {
			isa = PBXResourcesBuildPhase;
			buildActionMask = 2147483647;
			files = (
				D0570BB62BFD964400444732 /* tourismPackage.json in Resources */,
				D08F67B52BF6DE78003F0C3F /* placemarkData.json in Resources */,
				D098A8222C041DE5009DE010 /* loading3.json in Resources */,
				D0A5E6962C01E1AA0091505B /* GoogleService-Info.plist in Resources */,
				D0A23F532BF44FBC0058FC31 /* Preview Assets.xcassets in Resources */,
				D0A23F502BF44FBC0058FC31 /* Assets.xcassets in Resources */,
			);
			runOnlyForDeploymentPostprocessing = 0;
		};
/* End PBXResourcesBuildPhase section */

/* Begin PBXSourcesBuildPhase section */
		D0A23F442BF44FBB0058FC31 /* Sources */ = {
			isa = PBXSourcesBuildPhase;
			buildActionMask = 2147483647;
			files = (
				D0570BB42BFD7DA200444732 /* StarRatingView.swift in Sources */,
				D01DB9922C00944A0082F103 /* RecommendationCard.swift in Sources */,
				D08F67D12BF90D61003F0C3F /* LocationService.swift in Sources */,
				D01DB9902C0092F10082F103 /* RecommendationsContentView.swift in Sources */,
				D0A5E69F2C01EFEF0091505B /* CloudkitManager.swift in Sources */,
				D08F67C42BF716BA003F0C3F /* ModelDataViewModel.swift in Sources */,
				D098A8112C041853009DE010 /* LottieViewComponent.swift in Sources */,
				D0A23F4E2BF44FBB0058FC31 /* ContentView.swift in Sources */,
				D08F67CE2BF8DD61003F0C3F /* Maps.swift in Sources */,
				D08F67C62BF74059003F0C3F /* UserAnnotationCircle.swift in Sources */,
				D08F67BA2BF6F4C9003F0C3F /* PlacemarkViewModel.swift in Sources */,
				D0A5E69D2C01E33B0091505B /* AuthenticationViewModel.swift in Sources */,
				D08F67D52BFA2AFD003F0C3F /* CustomAnnotationView.swift in Sources */,
				D01DB98A2C0086A30082F103 /* PlacemarkCard.swift in Sources */,
				D0570BB22BFC2DAA00444732 /* SiderbarMapsView.swift in Sources */,
				D08F67D32BF9E861003F0C3F /* ContentNavigation.swift in Sources */,
				D0570BB82BFDB92C00444732 /* TourismPackage.swift in Sources */,
				D0A5E6932C01E0270091505B /* AuthenticationView.swift in Sources */,
				D01DB98D2C00896F0082F103 /* DetailCardView.swift in Sources */,
				D0A23F602BF641410058FC31 /* Placemark.swift in Sources */,
				D02A23112BFB4D1500B49695 /* UnsplashImageService.swift in Sources */,
				D0A23F4C2BF44FBB0058FC31 /* TravelAppApp.swift in Sources */,
				D08F67CC2BF76EAD003F0C3F /* MapDetails.swift in Sources */,
			);
			runOnlyForDeploymentPostprocessing = 0;
		};
/* End PBXSourcesBuildPhase section */

/* Begin XCBuildConfiguration section */
		D0A23F542BF44FBC0058FC31 /* Debug */ = {
			isa = XCBuildConfiguration;
			buildSettings = {
				ALWAYS_SEARCH_USER_PATHS = NO;
				ASSETCATALOG_COMPILER_GENERATE_SWIFT_ASSET_SYMBOL_EXTENSIONS = YES;
				CLANG_ANALYZER_NONNULL = YES;
				CLANG_ANALYZER_NUMBER_OBJECT_CONVERSION = YES_AGGRESSIVE;
				CLANG_CXX_LANGUAGE_STANDARD = "gnu++20";
				CLANG_ENABLE_MODULES = YES;
				CLANG_ENABLE_OBJC_ARC = YES;
				CLANG_ENABLE_OBJC_WEAK = YES;
				CLANG_WARN_BLOCK_CAPTURE_AUTORELEASING = YES;
				CLANG_WARN_BOOL_CONVERSION = YES;
				CLANG_WARN_COMMA = YES;
				CLANG_WARN_CONSTANT_CONVERSION = YES;
				CLANG_WARN_DEPRECATED_OBJC_IMPLEMENTATIONS = YES;
				CLANG_WARN_DIRECT_OBJC_ISA_USAGE = YES_ERROR;
				CLANG_WARN_DOCUMENTATION_COMMENTS = YES;
				CLANG_WARN_EMPTY_BODY = YES;
				CLANG_WARN_ENUM_CONVERSION = YES;
				CLANG_WARN_INFINITE_RECURSION = YES;
				CLANG_WARN_INT_CONVERSION = YES;
				CLANG_WARN_NON_LITERAL_NULL_CONVERSION = YES;
				CLANG_WARN_OBJC_IMPLICIT_RETAIN_SELF = YES;
				CLANG_WARN_OBJC_LITERAL_CONVERSION = YES;
				CLANG_WARN_OBJC_ROOT_CLASS = YES_ERROR;
				CLANG_WARN_QUOTED_INCLUDE_IN_FRAMEWORK_HEADER = YES;
				CLANG_WARN_RANGE_LOOP_ANALYSIS = YES;
				CLANG_WARN_STRICT_PROTOTYPES = YES;
				CLANG_WARN_SUSPICIOUS_MOVE = YES;
				CLANG_WARN_UNGUARDED_AVAILABILITY = YES_AGGRESSIVE;
				CLANG_WARN_UNREACHABLE_CODE = YES;
				CLANG_WARN__DUPLICATE_METHOD_MATCH = YES;
				COPY_PHASE_STRIP = NO;
				DEBUG_INFORMATION_FORMAT = dwarf;
				ENABLE_STRICT_OBJC_MSGSEND = YES;
				ENABLE_TESTABILITY = YES;
				ENABLE_USER_SCRIPT_SANDBOXING = YES;
				GCC_C_LANGUAGE_STANDARD = gnu17;
				GCC_DYNAMIC_NO_PIC = NO;
				GCC_NO_COMMON_BLOCKS = YES;
				GCC_OPTIMIZATION_LEVEL = 0;
				GCC_PREPROCESSOR_DEFINITIONS = (
					"DEBUG=1",
					"$(inherited)",
				);
				GCC_WARN_64_TO_32_BIT_CONVERSION = YES;
				GCC_WARN_ABOUT_RETURN_TYPE = YES_ERROR;
				GCC_WARN_UNDECLARED_SELECTOR = YES;
				GCC_WARN_UNINITIALIZED_AUTOS = YES_AGGRESSIVE;
				GCC_WARN_UNUSED_FUNCTION = YES;
				GCC_WARN_UNUSED_VARIABLE = YES;
				IPHONEOS_DEPLOYMENT_TARGET = 17.4;
				LOCALIZATION_PREFERS_STRING_CATALOGS = YES;
				MTL_ENABLE_DEBUG_INFO = INCLUDE_SOURCE;
				MTL_FAST_MATH = YES;
				ONLY_ACTIVE_ARCH = YES;
				SDKROOT = iphoneos;
				SWIFT_ACTIVE_COMPILATION_CONDITIONS = "DEBUG $(inherited)";
				SWIFT_OPTIMIZATION_LEVEL = "-Onone";
			};
			name = Debug;
		};
		D0A23F552BF44FBC0058FC31 /* Release */ = {
			isa = XCBuildConfiguration;
			buildSettings = {
				ALWAYS_SEARCH_USER_PATHS = NO;
				ASSETCATALOG_COMPILER_GENERATE_SWIFT_ASSET_SYMBOL_EXTENSIONS = YES;
				CLANG_ANALYZER_NONNULL = YES;
				CLANG_ANALYZER_NUMBER_OBJECT_CONVERSION = YES_AGGRESSIVE;
				CLANG_CXX_LANGUAGE_STANDARD = "gnu++20";
				CLANG_ENABLE_MODULES = YES;
				CLANG_ENABLE_OBJC_ARC = YES;
				CLANG_ENABLE_OBJC_WEAK = YES;
				CLANG_WARN_BLOCK_CAPTURE_AUTORELEASING = YES;
				CLANG_WARN_BOOL_CONVERSION = YES;
				CLANG_WARN_COMMA = YES;
				CLANG_WARN_CONSTANT_CONVERSION = YES;
				CLANG_WARN_DEPRECATED_OBJC_IMPLEMENTATIONS = YES;
				CLANG_WARN_DIRECT_OBJC_ISA_USAGE = YES_ERROR;
				CLANG_WARN_DOCUMENTATION_COMMENTS = YES;
				CLANG_WARN_EMPTY_BODY = YES;
				CLANG_WARN_ENUM_CONVERSION = YES;
				CLANG_WARN_INFINITE_RECURSION = YES;
				CLANG_WARN_INT_CONVERSION = YES;
				CLANG_WARN_NON_LITERAL_NULL_CONVERSION = YES;
				CLANG_WARN_OBJC_IMPLICIT_RETAIN_SELF = YES;
				CLANG_WARN_OBJC_LITERAL_CONVERSION = YES;
				CLANG_WARN_OBJC_ROOT_CLASS = YES_ERROR;
				CLANG_WARN_QUOTED_INCLUDE_IN_FRAMEWORK_HEADER = YES;
				CLANG_WARN_RANGE_LOOP_ANALYSIS = YES;
				CLANG_WARN_STRICT_PROTOTYPES = YES;
				CLANG_WARN_SUSPICIOUS_MOVE = YES;
				CLANG_WARN_UNGUARDED_AVAILABILITY = YES_AGGRESSIVE;
				CLANG_WARN_UNREACHABLE_CODE = YES;
				CLANG_WARN__DUPLICATE_METHOD_MATCH = YES;
				COPY_PHASE_STRIP = NO;
				DEBUG_INFORMATION_FORMAT = "dwarf-with-dsym";
				ENABLE_NS_ASSERTIONS = NO;
				ENABLE_STRICT_OBJC_MSGSEND = YES;
				ENABLE_USER_SCRIPT_SANDBOXING = YES;
				GCC_C_LANGUAGE_STANDARD = gnu17;
				GCC_NO_COMMON_BLOCKS = YES;
				GCC_WARN_64_TO_32_BIT_CONVERSION = YES;
				GCC_WARN_ABOUT_RETURN_TYPE = YES_ERROR;
				GCC_WARN_UNDECLARED_SELECTOR = YES;
				GCC_WARN_UNINITIALIZED_AUTOS = YES_AGGRESSIVE;
				GCC_WARN_UNUSED_FUNCTION = YES;
				GCC_WARN_UNUSED_VARIABLE = YES;
				IPHONEOS_DEPLOYMENT_TARGET = 17.4;
				LOCALIZATION_PREFERS_STRING_CATALOGS = YES;
				MTL_ENABLE_DEBUG_INFO = NO;
				MTL_FAST_MATH = YES;
				SDKROOT = iphoneos;
				SWIFT_COMPILATION_MODE = wholemodule;
				VALIDATE_PRODUCT = YES;
			};
			name = Release;
		};
		D0A23F572BF44FBC0058FC31 /* Debug */ = {
			isa = XCBuildConfiguration;
			buildSettings = {
				ASSETCATALOG_COMPILER_APPICON_NAME = AppIcon;
				ASSETCATALOG_COMPILER_GLOBAL_ACCENT_COLOR_NAME = AccentColor;
				CODE_SIGN_ENTITLEMENTS = TravelApp/TravelApp.entitlements;
				CODE_SIGN_STYLE = Automatic;
				CURRENT_PROJECT_VERSION = 1;
				DEVELOPMENT_ASSET_PATHS = "\"TravelApp/Preview Content\"";
				DEVELOPMENT_TEAM = H84M48MBJL;
				ENABLE_PREVIEWS = YES;
				GENERATE_INFOPLIST_FILE = YES;
				INFOPLIST_FILE = TravelApp/Info.plist;
				INFOPLIST_KEY_NSLocationWhenInUseUsageDescription = "";
				INFOPLIST_KEY_UIApplicationSceneManifest_Generation = YES;
				INFOPLIST_KEY_UIApplicationSupportsIndirectInputEvents = YES;
				INFOPLIST_KEY_UILaunchScreen_Generation = YES;
				INFOPLIST_KEY_UISupportedInterfaceOrientations_iPad = "UIInterfaceOrientationPortrait UIInterfaceOrientationPortraitUpsideDown UIInterfaceOrientationLandscapeLeft UIInterfaceOrientationLandscapeRight";
				INFOPLIST_KEY_UISupportedInterfaceOrientations_iPhone = "UIInterfaceOrientationPortrait UIInterfaceOrientationLandscapeLeft UIInterfaceOrientationLandscapeRight";
				LD_RUNPATH_SEARCH_PATHS = (
					"$(inherited)",
					"@executable_path/Frameworks",
				);
				MARKETING_VERSION = 1.0;
				PRODUCT_BUNDLE_IDENTIFIER = "Agfi-Hermawan.TravelApp";
				PRODUCT_NAME = "$(TARGET_NAME)";
				SWIFT_EMIT_LOC_STRINGS = YES;
				SWIFT_VERSION = 5.0;
				TARGETED_DEVICE_FAMILY = "1,2";
			};
			name = Debug;
		};
		D0A23F582BF44FBC0058FC31 /* Release */ = {
			isa = XCBuildConfiguration;
			buildSettings = {
				ASSETCATALOG_COMPILER_APPICON_NAME = AppIcon;
				ASSETCATALOG_COMPILER_GLOBAL_ACCENT_COLOR_NAME = AccentColor;
				CODE_SIGN_ENTITLEMENTS = TravelApp/TravelApp.entitlements;
				CODE_SIGN_STYLE = Automatic;
				CURRENT_PROJECT_VERSION = 1;
				DEVELOPMENT_ASSET_PATHS = "\"TravelApp/Preview Content\"";
				DEVELOPMENT_TEAM = H84M48MBJL;
				ENABLE_PREVIEWS = YES;
				GENERATE_INFOPLIST_FILE = YES;
				INFOPLIST_FILE = TravelApp/Info.plist;
				INFOPLIST_KEY_NSLocationWhenInUseUsageDescription = "";
				INFOPLIST_KEY_UIApplicationSceneManifest_Generation = YES;
				INFOPLIST_KEY_UIApplicationSupportsIndirectInputEvents = YES;
				INFOPLIST_KEY_UILaunchScreen_Generation = YES;
				INFOPLIST_KEY_UISupportedInterfaceOrientations_iPad = "UIInterfaceOrientationPortrait UIInterfaceOrientationPortraitUpsideDown UIInterfaceOrientationLandscapeLeft UIInterfaceOrientationLandscapeRight";
				INFOPLIST_KEY_UISupportedInterfaceOrientations_iPhone = "UIInterfaceOrientationPortrait UIInterfaceOrientationLandscapeLeft UIInterfaceOrientationLandscapeRight";
				LD_RUNPATH_SEARCH_PATHS = (
					"$(inherited)",
					"@executable_path/Frameworks",
				);
				MARKETING_VERSION = 1.0;
				PRODUCT_BUNDLE_IDENTIFIER = "Agfi-Hermawan.TravelApp";
				PRODUCT_NAME = "$(TARGET_NAME)";
				SWIFT_EMIT_LOC_STRINGS = YES;
				SWIFT_VERSION = 5.0;
				TARGETED_DEVICE_FAMILY = "1,2";
			};
			name = Release;
		};
/* End XCBuildConfiguration section */

/* Begin XCConfigurationList section */
		D0A23F432BF44FBB0058FC31 /* Build configuration list for PBXProject "TravelApp" */ = {
			isa = XCConfigurationList;
			buildConfigurations = (
				D0A23F542BF44FBC0058FC31 /* Debug */,
				D0A23F552BF44FBC0058FC31 /* Release */,
			);
			defaultConfigurationIsVisible = 0;
			defaultConfigurationName = Release;
		};
		D0A23F562BF44FBC0058FC31 /* Build configuration list for PBXNativeTarget "TravelApp" */ = {
			isa = XCConfigurationList;
			buildConfigurations = (
				D0A23F572BF44FBC0058FC31 /* Debug */,
				D0A23F582BF44FBC0058FC31 /* Release */,
			);
			defaultConfigurationIsVisible = 0;
			defaultConfigurationName = Release;
		};
/* End XCConfigurationList section */

/* Begin XCRemoteSwiftPackageReference section */
		D098A8122C041943009DE010 /* XCRemoteSwiftPackageReference "lottie-ios" */ = {
			isa = XCRemoteSwiftPackageReference;
			repositoryURL = "https://github.com/airbnb/lottie-ios.git";
			requirement = {
				kind = upToNextMajorVersion;
				minimumVersion = 4.4.3;
			};
		};
		D0A5E6972C01E2130091505B /* XCRemoteSwiftPackageReference "firebase-ios-sdk" */ = {
			isa = XCRemoteSwiftPackageReference;
			repositoryURL = "https://github.com/firebase/firebase-ios-sdk";
			requirement = {
				kind = upToNextMajorVersion;
				minimumVersion = 10.26.0;
			};
		};
/* End XCRemoteSwiftPackageReference section */

/* Begin XCSwiftPackageProductDependency section */
		D098A8132C041943009DE010 /* Lottie */ = {
			isa = XCSwiftPackageProductDependency;
			package = D098A8122C041943009DE010 /* XCRemoteSwiftPackageReference "lottie-ios" */;
			productName = Lottie;
		};
		D0A5E6982C01E2130091505B /* FirebaseAnalytics */ = {
			isa = XCSwiftPackageProductDependency;
			package = D0A5E6972C01E2130091505B /* XCRemoteSwiftPackageReference "firebase-ios-sdk" */;
			productName = FirebaseAnalytics;
		};
		D0A5E69A2C01E2130091505B /* FirebaseAuth */ = {
			isa = XCSwiftPackageProductDependency;
			package = D0A5E6972C01E2130091505B /* XCRemoteSwiftPackageReference "firebase-ios-sdk" */;
			productName = FirebaseAuth;
		};
/* End XCSwiftPackageProductDependency section */
	};
	rootObject = D0A23F402BF44FBB0058FC31 /* Project object */;
}
